
Microsoft Visual Studio Solution File, Format Version 12.00
# Visual Studio Version 16
VisualStudioVersion = 16.0.31702.278
MinimumVisualStudioVersion = 10.0.40219.1
Project("{FAE04EC0-301F-11D3-BF4B-00C04F79EFBC}") = "PRG282_Project", "PRG282_Project\PRG282_Project.csproj", "{D2B0749B-F1B1-4B08-9928-6DB7784138CE}"
EndProject
Global
	GlobalSection(SolutionConfigurationPlatforms) = preSolution
		Debug|Any CPU = Debug|Any CPU
		Release|Any CPU = Release|Any CPU
	EndGlobalSection
	GlobalSection(ProjectConfigurationPlatforms) = postSolution
		{D2B0749B-F1B1-4B08-9928-6DB7784138CE}.Debug|Any CPU.ActiveCfg = Debug|Any CPU
		{D2B0749B-F1B1-4B08-9928-6DB7784138CE}.Debug|Any CPU.Build.0 = Debug|Any CPU
		{D2B0749B-F1B1-4B08-9928-6DB7784138CE}.Release|Any CPU.ActiveCfg = Release|Any CPU
		{D2B0749B-F1B1-4B08-9928-6DB7784138CE}.Release|Any CPU.Build.0 = Release|Any CPU
	EndGlobalSection
	GlobalSection(SolutionProperties) = preSolution
		HideSolutionNode = FALSE
	EndGlobalSection
	GlobalSection(ExtensibilityGlobals) = postSolution
		SolutionGuid = {A046605B-5764-4334-8E1D-ABA1D47FCADB}
	EndGlobalSection
EndGlobal
